
Microsoft Visual Studio Solution File, Format Version 12.00
# Visual Studio Version 16
VisualStudioVersion = 16.0.30621.155
MinimumVisualStudioVersion = 10.0.40219.1
Project("{FAE04EC0-301F-11D3-BF4B-00C04F79EFBC}") = "Coco.Producer", "Coco.Producer\Coco.Producer.csproj", "{9E4FCD95-4ADF-47E9-9977-5112BBC71956}"
EndProject
Global
	GlobalSection(SolutionConfigurationPlatforms) = preSolution
		Debug|Any CPU = Debug|Any CPU
		Release|Any CPU = Release|Any CPU
	EndGlobalSection
	GlobalSection(ProjectConfigurationPlatforms) = postSolution
		{9E4FCD95-4ADF-47E9-9977-5112BBC71956}.Debug|Any CPU.ActiveCfg = Debug|Any CPU
		{9E4FCD95-4ADF-47E9-9977-5112BBC71956}.Debug|Any CPU.Build.0 = Debug|Any CPU
		{9E4FCD95-4ADF-47E9-9977-5112BBC71956}.Release|Any CPU.ActiveCfg = Release|Any CPU
		{9E4FCD95-4ADF-47E9-9977-5112BBC71956}.Release|Any CPU.Build.0 = Release|Any CPU
	EndGlobalSection
	GlobalSection(SolutionProperties) = preSolution
		HideSolutionNode = FALSE
	EndGlobalSection
	GlobalSection(ExtensibilityGlobals) = postSolution
		SolutionGuid = {489639FB-C06D-4367-901E-25E19B7D9C48}
	EndGlobalSection
EndGlobal
